Microsoft Visual Studio Solution File, Format Version 12.00
# Visual Studio 2012
Project("{FAE04EC0-301F-11D3-BF4B-00C04F79EFBC}") = "Rigidbody Stress Test", "Rigidbody Stress Test.csproj", "{B1EC2EF3-4F58-41C2-B1E0-866E40D4FB0D}"
EndProject
Global
	GlobalSection(SolutionConfigurationPlatforms) = preSolution
	Debug|Any CPU = Debug|Any CPU
	Release|Any CPU = Release|Any CPU
	Tools|Any CPU = Tools|Any CPU
	EndGlobalSection
	GlobalSection(ProjectConfigurationPlatforms) = postSolution
		{B1EC2EF3-4F58-41C2-B1E0-866E40D4FB0D}.Debug|Any CPU.ActiveCfg = Debug|Any CPU
		{B1EC2EF3-4F58-41C2-B1E0-866E40D4FB0D}.Debug|Any CPU.Build.0 = Debug|Any CPU
		{B1EC2EF3-4F58-41C2-B1E0-866E40D4FB0D}.Release|Any CPU.ActiveCfg = Release|Any CPU
		{B1EC2EF3-4F58-41C2-B1E0-866E40D4FB0D}.Release|Any CPU.Build.0 = Release|Any CPU
		{B1EC2EF3-4F58-41C2-B1E0-866E40D4FB0D}.Tools|Any CPU.ActiveCfg = Tools|Any CPU
		{B1EC2EF3-4F58-41C2-B1E0-866E40D4FB0D}.Tools|Any CPU.Build.0 = Tools|Any CPU
	EndGlobalSection
EndGlobal
